
Microsoft Visual Studio Solution File, Format Version 12.00
# Visual Studio 15
VisualStudioVersion = 15.0.27703.2047
MinimumVisualStudioVersion = 10.0.40219.1
Project("{FAE04EC0-301F-11D3-BF4B-00C04F79EFBC}") = "HelloWorld", "HelloWorld\HelloWorld.csproj", "{666829C4-F79D-4F9E-95EF-09B510526F13}"
EndProject
Project("{FAE04EC0-301F-11D3-BF4B-00C04F79EFBC}") = "MagicBall", "MagicBall\MagicBall.csproj", "{19BB67F9-DA34-4D2D-BC45-197DF4F98D9F}"
EndProject
Project("{FAE04EC0-301F-11D3-BF4B-00C04F79EFBC}") = "Calculator", "Calculator\Calculator.csproj", "{C1E92768-3EB1-4CCD-81E8-331A8E2C67D2}"
EndProject
Global
	GlobalSection(SolutionConfigurationPlatforms) = preSolution
		Debug|Any CPU = Debug|Any CPU
		Release|Any CPU = Release|Any CPU
	EndGlobalSection
	GlobalSection(ProjectConfigurationPlatforms) = postSolution
		{666829C4-F79D-4F9E-95EF-09B510526F13}.Debug|Any CPU.ActiveCfg = Debug|Any CPU
		{666829C4-F79D-4F9E-95EF-09B510526F13}.Debug|Any CPU.Build.0 = Debug|Any CPU
		{666829C4-F79D-4F9E-95EF-09B510526F13}.Release|Any CPU.ActiveCfg = Release|Any CPU
		{666829C4-F79D-4F9E-95EF-09B510526F13}.Release|Any CPU.Build.0 = Release|Any CPU
		{19BB67F9-DA34-4D2D-BC45-197DF4F98D9F}.Debug|Any CPU.ActiveCfg = Debug|Any CPU
		{19BB67F9-DA34-4D2D-BC45-197DF4F98D9F}.Debug|Any CPU.Build.0 = Debug|Any CPU
		{19BB67F9-DA34-4D2D-BC45-197DF4F98D9F}.Release|Any CPU.ActiveCfg = Release|Any CPU
		{19BB67F9-DA34-4D2D-BC45-197DF4F98D9F}.Release|Any CPU.Build.0 = Release|Any CPU
		{C1E92768-3EB1-4CCD-81E8-331A8E2C67D2}.Debug|Any CPU.ActiveCfg = Debug|Any CPU
		{C1E92768-3EB1-4CCD-81E8-331A8E2C67D2}.Debug|Any CPU.Build.0 = Debug|Any CPU
		{C1E92768-3EB1-4CCD-81E8-331A8E2C67D2}.Release|Any CPU.ActiveCfg = Release|Any CPU
		{C1E92768-3EB1-4CCD-81E8-331A8E2C67D2}.Release|Any CPU.Build.0 = Release|Any CPU
	EndGlobalSection
	GlobalSection(SolutionProperties) = preSolution
		HideSolutionNode = FALSE
	EndGlobalSection
	GlobalSection(ExtensibilityGlobals) = postSolution
		SolutionGuid = {5873E98B-12A8-44EF-B271-CBB9DFA37E92}
	EndGlobalSection
EndGlobal
